
Microsoft Visual Studio Solution File, Format Version 12.00
# Visual Studio Version 17
VisualStudioVersion = 17.4.33103.184
MinimumVisualStudioVersion = 10.0.40219.1
Project("{FAE04EC0-301F-11D3-BF4B-00C04F79EFBC}") = "Andy.X.IO", "src\Andy.X.IO\Andy.X.IO.csproj", "{6A6D1F74-542E-497F-A0F4-1BA4EE6B11A7}"
EndProject
Global
	GlobalSection(SolutionConfigurationPlatforms) = preSolution
		Debug|Any CPU = Debug|Any CPU
		Release|Any CPU = Release|Any CPU
	EndGlobalSection
	GlobalSection(ProjectConfigurationPlatforms) = postSolution
		{6A6D1F74-542E-497F-A0F4-1BA4EE6B11A7}.Debug|Any CPU.ActiveCfg = Debug|Any CPU
		{6A6D1F74-542E-497F-A0F4-1BA4EE6B11A7}.Debug|Any CPU.Build.0 = Debug|Any CPU
		{6A6D1F74-542E-497F-A0F4-1BA4EE6B11A7}.Release|Any CPU.ActiveCfg = Release|Any CPU
		{6A6D1F74-542E-497F-A0F4-1BA4EE6B11A7}.Release|Any CPU.Build.0 = Release|Any CPU
	EndGlobalSection
	GlobalSection(SolutionProperties) = preSolution
		HideSolutionNode = FALSE
	EndGlobalSection
	GlobalSection(ExtensibilityGlobals) = postSolution
		SolutionGuid = {6F58131A-45CA-4C96-B9C6-7576DF8C62F6}
	EndGlobalSection
EndGlobal
